// !$*UTF8*$!
{
	archiveVersion = 1;
	classes = {
	};
	objectVersion = 46;
	objects = {

/* Begin PBXBuildFile section */
		694C47ED1F8F8BAF0014BCC2 /* AppDelegate.swift in Sources */ = {isa = PBXBuildFile; fileRef = 694C47EC1F8F8BAF0014BCC2 /* AppDelegate.swift */; };
		694C47EF1F8F8BAF0014BCC2 /* FirstViewController.swift in Sources */ = {isa = PBXBuildFile; fileRef = 694C47EE1F8F8BAF0014BCC2 /* FirstViewController.swift */; };
		694C47F11F8F8BAF0014BCC2 /* SecondViewController.swift in Sources */ = {isa = PBXBuildFile; fileRef = 694C47F01F8F8BAF0014BCC2 /* SecondViewController.swift */; };
		694C47F41F8F8BAF0014BCC2 /* Main.storyboard in Resources */ = {isa = PBXBuildFile; fileRef = 694C47F21F8F8BAF0014BCC2 /* Main.storyboard */; };
		694C47F61F8F8BAF0014BCC2 /* Assets.xcassets in Resources */ = {isa = PBXBuildFile; fileRef = 694C47F51F8F8BAF0014BCC2 /* Assets.xcassets */; };
		694C47F91F8F8BAF0014BCC2 /* LaunchScreen.storyboard in Resources */ = {isa = PBXBuildFile; fileRef = 694C47F71F8F8BAF0014BCC2 /* LaunchScreen.storyboard */; };
		694C48291F8FCC560014BCC2 /* Alamofire.framework in Frameworks */ = {isa = PBXBuildFile; fileRef = 694C48131F8FCB2D0014BCC2 /* Alamofire.framework */; };
		694C482A1F8FCC560014BCC2 /* Alamofire.framework in Embed Frameworks */ = {isa = PBXBuildFile; fileRef = 694C48131F8FCB2D0014BCC2 /* Alamofire.framework */; settings = {ATTRIBUTES = (CodeSignOnCopy, RemoveHeadersOnCopy, ); }; };
		694C482D1F8FCC560014BCC2 /* Alamofire.framework in Frameworks */ = {isa = PBXBuildFile; fileRef = 694C48171F8FCB2D0014BCC2 /* Alamofire.framework */; };
		694C482E1F8FCC560014BCC2 /* Alamofire.framework in Embed Frameworks */ = {isa = PBXBuildFile; fileRef = 694C48171F8FCB2D0014BCC2 /* Alamofire.framework */; settings = {ATTRIBUTES = (CodeSignOnCopy, RemoveHeadersOnCopy, ); }; };
		694C48331F8FCEBF0014BCC2 /* Book.swift in Sources */ = {isa = PBXBuildFile; fileRef = 694C48321F8FCEBF0014BCC2 /* Book.swift */; };
		694C48361F9100A80014BCC2 /* ModelAPI.swift in Sources */ = {isa = PBXBuildFile; fileRef = 694C48351F9100A80014BCC2 /* ModelAPI.swift */; };
		694C48A11F910EDB0014BCC2 /* AlamofireImage.framework in Frameworks */ = {isa = PBXBuildFile; fileRef = 694C48841F910D6B0014BCC2 /* AlamofireImage.framework */; };
		694C48A21F910EDB0014BCC2 /* AlamofireImage.framework in Embed Frameworks */ = {isa = PBXBuildFile; fileRef = 694C48841F910D6B0014BCC2 /* AlamofireImage.framework */; settings = {ATTRIBUTES = (CodeSignOnCopy, RemoveHeadersOnCopy, ); }; };
		694C48A81F9113F80014BCC2 /* TableViewCells.swift in Sources */ = {isa = PBXBuildFile; fileRef = 694C48A71F9113F80014BCC2 /* TableViewCells.swift */; };
		694C48C21F95179B0014BCC2 /* BusinessController.swift in Sources */ = {isa = PBXBuildFile; fileRef = 694C48C11F95179B0014BCC2 /* BusinessController.swift */; };
		694C48D11F95185A0014BCC2 /* Offer.swift in Sources */ = {isa = PBXBuildFile; fileRef = 694C48D01F95185A0014BCC2 /* Offer.swift */; };
		694C48FF1F97E60A0014BCC2 /* Wording.swift in Sources */ = {isa = PBXBuildFile; fileRef = 694C48FE1F97E60A0014BCC2 /* Wording.swift */; };
/* End PBXBuildFile section */

/* Begin PBXContainerItemProxy section */
		694C48121F8FCB2D0014BCC2 /* PBXContainerItemProxy */ = {
			isa = PBXContainerItemProxy;
			containerPortal = 694C48071F8FCB2C0014BCC2 /* Alamofire.xcodeproj */;
			proxyType = 2;
			remoteGlobalIDString = F8111E3319A95C8B0040E7D1;
			remoteInfo = "Alamofire iOS";
		};
		694C48141F8FCB2D0014BCC2 /* PBXContainerItemProxy */ = {
			isa = PBXContainerItemProxy;
			containerPortal = 694C48071F8FCB2C0014BCC2 /* Alamofire.xcodeproj */;
			proxyType = 2;
			remoteGlobalIDString = F8111E3E19A95C8B0040E7D1;
			remoteInfo = "Alamofire iOS Tests";
		};
		694C48161F8FCB2D0014BCC2 /* PBXContainerItemProxy */ = {
			isa = PBXContainerItemProxy;
			containerPortal = 694C48071F8FCB2C0014BCC2 /* Alamofire.xcodeproj */;
			proxyType = 2;
			remoteGlobalIDString = 4DD67C0B1A5C55C900ED2280;
			remoteInfo = "Alamofire macOS";
		};
		694C48181F8FCB2D0014BCC2 /* PBXContainerItemProxy */ = {
			isa = PBXContainerItemProxy;
			containerPortal = 694C48071F8FCB2C0014BCC2 /* Alamofire.xcodeproj */;
			proxyType = 2;
			remoteGlobalIDString = F829C6B21A7A94F100A2CD59;
			remoteInfo = "Alamofire macOS Tests";
		};
		694C481A1F8FCB2D0014BCC2 /* PBXContainerItemProxy */ = {
			isa = PBXContainerItemProxy;
			containerPortal = 694C48071F8FCB2C0014BCC2 /* Alamofire.xcodeproj */;
			proxyType = 2;
			remoteGlobalIDString = 4CF626EF1BA7CB3E0011A099;
			remoteInfo = "Alamofire tvOS";
		};
		694C481C1F8FCB2D0014BCC2 /* PBXContainerItemProxy */ = {
			isa = PBXContainerItemProxy;
			containerPortal = 694C48071F8FCB2C0014BCC2 /* Alamofire.xcodeproj */;
			proxyType = 2;
			remoteGlobalIDString = 4CF626F81BA7CB3E0011A099;
			remoteInfo = "Alamofire tvOS Tests";
		};
		694C481E1F8FCB2D0014BCC2 /* PBXContainerItemProxy */ = {
			isa = PBXContainerItemProxy;
			containerPortal = 694C48071F8FCB2C0014BCC2 /* Alamofire.xcodeproj */;
			proxyType = 2;
			remoteGlobalIDString = E4202FE01B667AA100C997FB;
			remoteInfo = "Alamofire watchOS";
		};
		694C482B1F8FCC560014BCC2 /* PBXContainerItemProxy */ = {
			isa = PBXContainerItemProxy;
			containerPortal = 694C48071F8FCB2C0014BCC2 /* Alamofire.xcodeproj */;
			proxyType = 1;
			remoteGlobalIDString = F8111E3219A95C8B0040E7D1;
			remoteInfo = "Alamofire iOS";
		};
		694C482F1F8FCC560014BCC2 /* PBXContainerItemProxy */ = {
			isa = PBXContainerItemProxy;
			containerPortal = 694C48071F8FCB2C0014BCC2 /* Alamofire.xcodeproj */;
			proxyType = 1;
			remoteGlobalIDString = 4DD67C0A1A5C55C900ED2280;
			remoteInfo = "Alamofire macOS";
		};
		694C48831F910D6B0014BCC2 /* PBXContainerItemProxy */ = {
			isa = PBXContainerItemProxy;
			containerPortal = 694C48771F910D6B0014BCC2 /* AlamofireImage.xcodeproj */;
			proxyType = 2;
			remoteGlobalIDString = 4C9043771AABBFC5001B4E60;
			remoteInfo = "AlamofireImage iOS";
		};
		694C48851F910D6B0014BCC2 /* PBXContainerItemProxy */ = {
			isa = PBXContainerItemProxy;
			containerPortal = 694C48771F910D6B0014BCC2 /* AlamofireImage.xcodeproj */;
			proxyType = 2;
			remoteGlobalIDString = 4C9043821AABBFC5001B4E60;
			remoteInfo = "AlamofireImage iOS Tests";
		};
		694C48871F910D6B0014BCC2 /* PBXContainerItemProxy */ = {
			isa = PBXContainerItemProxy;
			containerPortal = 694C48771F910D6B0014BCC2 /* AlamofireImage.xcodeproj */;
			proxyType = 2;
			remoteGlobalIDString = 4CE611321AABC24E00D35044;
			remoteInfo = "AlamofireImage macOS";
		};
		694C48891F910D6B0014BCC2 /* PBXContainerItemProxy */ = {
			isa = PBXContainerItemProxy;
			containerPortal = 694C48771F910D6B0014BCC2 /* AlamofireImage.xcodeproj */;
			proxyType = 2;
			remoteGlobalIDString = 4CE611471AABC5C900D35044;
			remoteInfo = "AlamofireImage macOS Tests";
		};
		694C488B1F910D6B0014BCC2 /* PBXContainerItemProxy */ = {
			isa = PBXContainerItemProxy;
			containerPortal = 694C48771F910D6B0014BCC2 /* AlamofireImage.xcodeproj */;
			proxyType = 2;
			remoteGlobalIDString = 4C16B37D1BA9399500A66EF0;
			remoteInfo = "AlamofireImage tvOS";
		};
		694C488D1F910D6B0014BCC2 /* PBXContainerItemProxy */ = {
			isa = PBXContainerItemProxy;
			containerPortal = 694C48771F910D6B0014BCC2 /* AlamofireImage.xcodeproj */;
			proxyType = 2;
			remoteGlobalIDString = 4C16B3861BA9399500A66EF0;
			remoteInfo = "AlamofireImage tvOS Tests";
		};
		694C488F1F910D6B0014BCC2 /* PBXContainerItemProxy */ = {
			isa = PBXContainerItemProxy;
			containerPortal = 694C48771F910D6B0014BCC2 /* AlamofireImage.xcodeproj */;
			proxyType = 2;
			remoteGlobalIDString = 4C4D4EC11B92976900C96855;
			remoteInfo = "AlamofireImage watchOS";
		};
		694C48A31F910EDB0014BCC2 /* PBXContainerItemProxy */ = {
			isa = PBXContainerItemProxy;
			containerPortal = 694C48771F910D6B0014BCC2 /* AlamofireImage.xcodeproj */;
			proxyType = 1;
			remoteGlobalIDString = 4C9043761AABBFC5001B4E60;
			remoteInfo = "AlamofireImage iOS";
		};
/* End PBXContainerItemProxy section */

/* Begin PBXCopyFilesBuildPhase section */
		694C48311F8FCC560014BCC2 /* Embed Frameworks */ = {
			isa = PBXCopyFilesBuildPhase;
			buildActionMask = 2147483647;
			dstPath = "";
			dstSubfolderSpec = 10;
			files = (
				694C48A21F910EDB0014BCC2 /* AlamofireImage.framework in Embed Frameworks */,
				694C482A1F8FCC560014BCC2 /* Alamofire.framework in Embed Frameworks */,
				694C482E1F8FCC560014BCC2 /* Alamofire.framework in Embed Frameworks */,
			);
			name = "Embed Frameworks";
			runOnlyForDeploymentPostprocessing = 0;
		};
/* End PBXCopyFilesBuildPhase section */

/* Begin PBXFileReference section */
		694C47E91F8F8BAF0014BCC2 /* Biblio Henri Potier.app */ = {isa = PBXFileReference; explicitFileType = wrapper.application; includeInIndex = 0; path = "Biblio Henri Potier.app"; sourceTree = BUILT_PRODUCTS_DIR; };
		694C47EC1F8F8BAF0014BCC2 /* AppDelegate.swift */ = {isa = PBXFileReference; lastKnownFileType = sourcecode.swift; path = AppDelegate.swift; sourceTree = "<group>"; };
		694C47EE1F8F8BAF0014BCC2 /* FirstViewController.swift */ = {isa = PBXFileReference; lastKnownFileType = sourcecode.swift; path = FirstViewController.swift; sourceTree = "<group>"; };
		694C47F01F8F8BAF0014BCC2 /* SecondViewController.swift */ = {isa = PBXFileReference; lastKnownFileType = sourcecode.swift; path = SecondViewController.swift; sourceTree = "<group>"; };
		694C47F31F8F8BAF0014BCC2 /* Base */ = {isa = PBXFileReference; lastKnownFileType = file.storyboard; name = Base; path = Base.lproj/Main.storyboard; sourceTree = "<group>"; };
		694C47F51F8F8BAF0014BCC2 /* Assets.xcassets */ = {isa = PBXFileReference; lastKnownFileType = folder.assetcatalog; path = Assets.xcassets; sourceTree = "<group>"; };
		694C47F81F8F8BAF0014BCC2 /* Base */ = {isa = PBXFileReference; lastKnownFileType = file.storyboard; name = Base; path = Base.lproj/LaunchScreen.storyboard; sourceTree = "<group>"; };
		694C47FA1F8F8BAF0014BCC2 /* Info.plist */ = {isa = PBXFileReference; lastKnownFileType = text.plist.xml; path = Info.plist; sourceTree = "<group>"; };
		694C48071F8FCB2C0014BCC2 /* Alamofire.xcodeproj */ = {isa = PBXFileReference; lastKnownFileType = "wrapper.pb-project"; name = Alamofire.xcodeproj; path = Alamofire/Alamofire.xcodeproj; sourceTree = "<group>"; };
		694C48321F8FCEBF0014BCC2 /* Book.swift */ = {isa = PBXFileReference; fileEncoding = 4; lastKnownFileType = sourcecode.swift; path = Book.swift; sourceTree = "<group>"; };
		694C48351F9100A80014BCC2 /* ModelAPI.swift */ = {isa = PBXFileReference; fileEncoding = 4; lastKnownFileType = sourcecode.swift; path = ModelAPI.swift; sourceTree = "<group>"; };
		694C48771F910D6B0014BCC2 /* AlamofireImage.xcodeproj */ = {isa = PBXFileReference; lastKnownFileType = "wrapper.pb-project"; name = AlamofireImage.xcodeproj; path = AlamofireImage/AlamofireImage.xcodeproj; sourceTree = "<group>"; };
		694C48A71F9113F80014BCC2 /* TableViewCells.swift */ = {isa = PBXFileReference; fileEncoding = 4; lastKnownFileType = sourcecode.swift; path = TableViewCells.swift; sourceTree = "<group>"; };
		694C48C11F95179B0014BCC2 /* BusinessController.swift */ = {isa = PBXFileReference; fileEncoding = 4; lastKnownFileType = sourcecode.swift; path = BusinessController.swift; sourceTree = "<group>"; };
		694C48D01F95185A0014BCC2 /* Offer.swift */ = {isa = PBXFileReference; fileEncoding = 4; lastKnownFileType = sourcecode.swift; path = Offer.swift; sourceTree = "<group>"; };
		694C48FE1F97E60A0014BCC2 /* Wording.swift */ = {isa = PBXFileReference; fileEncoding = 4; lastKnownFileType = sourcecode.swift; path = Wording.swift; sourceTree = "<group>"; };
/* End PBXFileReference section */

/* Begin PBXFrameworksBuildPhase section */
		694C47E61F8F8BAF0014BCC2 /* Frameworks */ = {
			isa = PBXFrameworksBuildPhase;
			buildActionMask = 2147483647;
			files = (
				694C48A11F910EDB0014BCC2 /* AlamofireImage.framework in Frameworks */,
				694C48291F8FCC560014BCC2 /* Alamofire.framework in Frameworks */,
				694C482D1F8FCC560014BCC2 /* Alamofire.framework in Frameworks */,
			);
			runOnlyForDeploymentPostprocessing = 0;
		};
/* End PBXFrameworksBuildPhase section */

/* Begin PBXGroup section */
		694C47E01F8F8BAF0014BCC2 = {
			isa = PBXGroup;
			children = (
				694C47EB1F8F8BAF0014BCC2 /* Biblio Henri Potier */,
				694C48071F8FCB2C0014BCC2 /* Alamofire.xcodeproj */,
				694C48771F910D6B0014BCC2 /* AlamofireImage.xcodeproj */,
				694C47EA1F8F8BAF0014BCC2 /* Products */,
			);
			sourceTree = "<group>";
		};
		694C47EA1F8F8BAF0014BCC2 /* Products */ = {
			isa = PBXGroup;
			children = (
				694C47E91F8F8BAF0014BCC2 /* Biblio Henri Potier.app */,
			);
			name = Products;
			sourceTree = "<group>";
		};
		694C47EB1F8F8BAF0014BCC2 /* Biblio Henri Potier */ = {
			isa = PBXGroup;
			children = (
				694C47EC1F8F8BAF0014BCC2 /* AppDelegate.swift */,
				694C47F21F8F8BAF0014BCC2 /* Main.storyboard */,
				694C47F51F8F8BAF0014BCC2 /* Assets.xcassets */,
				694C47F71F8F8BAF0014BCC2 /* LaunchScreen.storyboard */,
				694C47FA1F8F8BAF0014BCC2 /* Info.plist */,
				694C48FE1F97E60A0014BCC2 /* Wording.swift */,
				694C48D21F951ABF0014BCC2 /* M */,
				694C48D31F951ACE0014BCC2 /* V */,
				694C48D41F951ADE0014BCC2 /* C */,
			);
			path = "Biblio Henri Potier";
			sourceTree = "<group>";
		};
		694C48081F8FCB2C0014BCC2 /* Products */ = {
			isa = PBXGroup;
			children = (
				694C48131F8FCB2D0014BCC2 /* Alamofire.framework */,
				694C48151F8FCB2D0014BCC2 /* Alamofire iOS Tests.xctest */,
				694C48171F8FCB2D0014BCC2 /* Alamofire.framework */,
				694C48191F8FCB2D0014BCC2 /* Alamofire macOS Tests.xctest */,
				694C481B1F8FCB2D0014BCC2 /* Alamofire.framework */,
				694C481D1F8FCB2D0014BCC2 /* Alamofire tvOS Tests.xctest */,
				694C481F1F8FCB2D0014BCC2 /* Alamofire.framework */,
			);
			name = Products;
			sourceTree = "<group>";
		};
		694C48781F910D6B0014BCC2 /* Products */ = {
			isa = PBXGroup;
			children = (
				694C48841F910D6B0014BCC2 /* AlamofireImage.framework */,
				694C48861F910D6B0014BCC2 /* AlamofireImage iOS Tests.xctest */,
				694C48881F910D6B0014BCC2 /* AlamofireImage.framework */,
				694C488A1F910D6B0014BCC2 /* AlamofireImage macOS Tests.xctest */,
				694C488C1F910D6B0014BCC2 /* AlamofireImage.framework */,
				694C488E1F910D6B0014BCC2 /* AlamofireImage tvOS Tests.xctest */,
				694C48901F910D6B0014BCC2 /* AlamofireImage.framework */,
			);
			name = Products;
			sourceTree = "<group>";
		};
		694C48D21F951ABF0014BCC2 /* M */ = {
			isa = PBXGroup;
			children = (
				694C48321F8FCEBF0014BCC2 /* Book.swift */,
				694C48D01F95185A0014BCC2 /* Offer.swift */,
				694C48351F9100A80014BCC2 /* ModelAPI.swift */,
			);
			name = M;
			sourceTree = "<group>";
		};
		694C48D31F951ACE0014BCC2 /* V */ = {
			isa = PBXGroup;
			children = (
				694C47EE1F8F8BAF0014BCC2 /* FirstViewController.swift */,
				694C47F01F8F8BAF0014BCC2 /* SecondViewController.swift */,
				694C48A71F9113F80014BCC2 /* TableViewCells.swift */,
			);
			name = V;
			sourceTree = "<group>";
		};
		694C48D41F951ADE0014BCC2 /* C */ = {
			isa = PBXGroup;
			children = (
				694C48C11F95179B0014BCC2 /* BusinessController.swift */,
			);
			name = C;
			sourceTree = "<group>";
		};
/* End PBXGroup section */

/* Begin PBXNativeTarget section */
		694C47E81F8F8BAF0014BCC2 /* Biblio Henri Potier */ = {
			isa = PBXNativeTarget;
			buildConfigurationList = 694C47FD1F8F8BAF0014BCC2 /* Build configuration list for PBXNativeTarget "Biblio Henri Potier" */;
			buildPhases = (
				694C47E51F8F8BAF0014BCC2 /* Sources */,
				694C47E61F8F8BAF0014BCC2 /* Frameworks */,
				694C47E71F8F8BAF0014BCC2 /* Resources */,
				694C48311F8FCC560014BCC2 /* Embed Frameworks */,
			);
			buildRules = (
			);
			dependencies = (
				694C482C1F8FCC560014BCC2 /* PBXTargetDependency */,
				694C48301F8FCC560014BCC2 /* PBXTargetDependency */,
				694C48A41F910EDB0014BCC2 /* PBXTargetDependency */,
			);
			name = "Biblio Henri Potier";
			productName = "Biblio Henri Potier";
			productReference = 694C47E91F8F8BAF0014BCC2 /* Biblio Henri Potier.app */;
			productType = "com.apple.product-type.application";
		};
/* End PBXNativeTarget section */

/* Begin PBXProject section */
		694C47E11F8F8BAF0014BCC2 /* Project object */ = {
			isa = PBXProject;
			attributes = {
				LastSwiftUpdateCheck = 0830;
				LastUpgradeCheck = 0830;
				ORGANIZATIONNAME = excercice;
				TargetAttributes = {
					694C47E81F8F8BAF0014BCC2 = {
						CreatedOnToolsVersion = 8.3.3;
						DevelopmentTeam = ZGM8L66K33;
						ProvisioningStyle = Automatic;
					};
				};
			};
			buildConfigurationList = 694C47E41F8F8BAF0014BCC2 /* Build configuration list for PBXProject "Biblio Henri Potier" */;
			compatibilityVersion = "Xcode 3.2";
			developmentRegion = English;
			hasScannedForEncodings = 0;
			knownRegions = (
				en,
				Base,
			);
			mainGroup = 694C47E01F8F8BAF0014BCC2;
			productRefGroup = 694C47EA1F8F8BAF0014BCC2 /* Products */;
			projectDirPath = "";
			projectReferences = (
				{
					ProductGroup = 694C48081F8FCB2C0014BCC2 /* Products */;
					ProjectRef = 694C48071F8FCB2C0014BCC2 /* Alamofire.xcodeproj */;
				},
				{
					ProductGroup = 694C48781F910D6B0014BCC2 /* Products */;
					ProjectRef = 694C48771F910D6B0014BCC2 /* AlamofireImage.xcodeproj */;
				},
			);
			projectRoot = "";
			targets = (
				694C47E81F8F8BAF0014BCC2 /* Biblio Henri Potier */,
			);
		};
/* End PBXProject section */

/* Begin PBXReferenceProxy section */
		694C48131F8FCB2D0014BCC2 /* Alamofire.framework */ = {
			isa = PBXReferenceProxy;
			fileType = wrapper.framework;
			path = Alamofire.framework;
			remoteRef = 694C48121F8FCB2D0014BCC2 /* PBXContainerItemProxy */;
			sourceTree = BUILT_PRODUCTS_DIR;
		};
		694C48151F8FCB2D0014BCC2 /* Alamofire iOS Tests.xctest */ = {
			isa = PBXReferenceProxy;
			fileType = wrapper.cfbundle;
			path = "Alamofire iOS Tests.xctest";
			remoteRef = 694C48141F8FCB2D0014BCC2 /* PBXContainerItemProxy */;
			sourceTree = BUILT_PRODUCTS_DIR;
		};
		694C48171F8FCB2D0014BCC2 /* Alamofire.framework */ = {
			isa = PBXReferenceProxy;
			fileType = wrapper.framework;
			path = Alamofire.framework;
			remoteRef = 694C48161F8FCB2D0014BCC2 /* PBXContainerItemProxy */;
			sourceTree = BUILT_PRODUCTS_DIR;
		};
		694C48191F8FCB2D0014BCC2 /* Alamofire macOS Tests.xctest */ = {
			isa = PBXReferenceProxy;
			fileType = wrapper.cfbundle;
			path = "Alamofire macOS Tests.xctest";
			remoteRef = 694C48181F8FCB2D0014BCC2 /* PBXContainerItemProxy */;
			sourceTree = BUILT_PRODUCTS_DIR;
		};
		694C481B1F8FCB2D0014BCC2 /* Alamofire.framework */ = {
			isa = PBXReferenceProxy;
			fileType = wrapper.framework;
			path = Alamofire.framework;
			remoteRef = 694C481A1F8FCB2D0014BCC2 /* PBXContainerItemProxy */;
			sourceTree = BUILT_PRODUCTS_DIR;
		};
		694C481D1F8FCB2D0014BCC2 /* Alamofire tvOS Tests.xctest */ = {
			isa = PBXReferenceProxy;
			fileType = wrapper.cfbundle;
			path = "Alamofire tvOS Tests.xctest";
			remoteRef = 694C481C1F8FCB2D0014BCC2 /* PBXContainerItemProxy */;
			sourceTree = BUILT_PRODUCTS_DIR;
		};
		694C481F1F8FCB2D0014BCC2 /* Alamofire.framework */ = {
			isa = PBXReferenceProxy;
			fileType = wrapper.framework;
			path = Alamofire.framework;
			remoteRef = 694C481E1F8FCB2D0014BCC2 /* PBXContainerItemProxy */;
			sourceTree = BUILT_PRODUCTS_DIR;
		};
		694C48841F910D6B0014BCC2 /* AlamofireImage.framework */ = {
			isa = PBXReferenceProxy;
			fileType = wrapper.framework;
			path = AlamofireImage.framework;
			remoteRef = 694C48831F910D6B0014BCC2 /* PBXContainerItemProxy */;
			sourceTree = BUILT_PRODUCTS_DIR;
		};
		694C48861F910D6B0014BCC2 /* AlamofireImage iOS Tests.xctest */ = {
			isa = PBXReferenceProxy;
			fileType = wrapper.cfbundle;
			path = "AlamofireImage iOS Tests.xctest";
			remoteRef = 694C48851F910D6B0014BCC2 /* PBXContainerItemProxy */;
			sourceTree = BUILT_PRODUCTS_DIR;
		};
		694C48881F910D6B0014BCC2 /* AlamofireImage.framework */ = {
			isa = PBXReferenceProxy;
			fileType = wrapper.framework;
			path = AlamofireImage.framework;
			remoteRef = 694C48871F910D6B0014BCC2 /* PBXContainerItemProxy */;
			sourceTree = BUILT_PRODUCTS_DIR;
		};
		694C488A1F910D6B0014BCC2 /* AlamofireImage macOS Tests.xctest */ = {
			isa = PBXReferenceProxy;
			fileType = wrapper.cfbundle;
			path = "AlamofireImage macOS Tests.xctest";
			remoteRef = 694C48891F910D6B0014BCC2 /* PBXContainerItemProxy */;
			sourceTree = BUILT_PRODUCTS_DIR;
		};
		694C488C1F910D6B0014BCC2 /* AlamofireImage.framework */ = {
			isa = PBXReferenceProxy;
			fileType = wrapper.framework;
			path = AlamofireImage.framework;
			remoteRef = 694C488B1F910D6B0014BCC2 /* PBXContainerItemProxy */;
			sourceTree = BUILT_PRODUCTS_DIR;
		};
		694C488E1F910D6B0014BCC2 /* AlamofireImage tvOS Tests.xctest */ = {
			isa = PBXReferenceProxy;
			fileType = wrapper.cfbundle;
			path = "AlamofireImage tvOS Tests.xctest";
			remoteRef = 694C488D1F910D6B0014BCC2 /* PBXContainerItemProxy */;
			sourceTree = BUILT_PRODUCTS_DIR;
		};
		694C48901F910D6B0014BCC2 /* AlamofireImage.framework */ = {
			isa = PBXReferenceProxy;
			fileType = wrapper.framework;
			path = AlamofireImage.framework;
			remoteRef = 694C488F1F910D6B0014BCC2 /* PBXContainerItemProxy */;
			sourceTree = BUILT_PRODUCTS_DIR;
		};
/* End PBXReferenceProxy section */

/* Begin PBXResourcesBuildPhase section */
		694C47E71F8F8BAF0014BCC2 /* Resources */ = {
			isa = PBXResourcesBuildPhase;
			buildActionMask = 2147483647;
			files = (
				694C47F91F8F8BAF0014BCC2 /* LaunchScreen.storyboard in Resources */,
				694C47F61F8F8BAF0014BCC2 /* Assets.xcassets in Resources */,
				694C47F41F8F8BAF0014BCC2 /* Main.storyboard in Resources */,
			);
			runOnlyForDeploymentPostprocessing = 0;
		};
/* End PBXResourcesBuildPhase section */

/* Begin PBXSourcesBuildPhase section */
		694C47E51F8F8BAF0014BCC2 /* Sources */ = {
			isa = PBXSourcesBuildPhase;
			buildActionMask = 2147483647;
			files = (
				694C48D11F95185A0014BCC2 /* Offer.swift in Sources */,
				694C48331F8FCEBF0014BCC2 /* Book.swift in Sources */,
				694C47F11F8F8BAF0014BCC2 /* SecondViewController.swift in Sources */,
				694C48FF1F97E60A0014BCC2 /* Wording.swift in Sources */,
				694C47ED1F8F8BAF0014BCC2 /* AppDelegate.swift in Sources */,
				694C47EF1F8F8BAF0014BCC2 /* FirstViewController.swift in Sources */,
				694C48A81F9113F80014BCC2 /* TableViewCells.swift in Sources */,
				694C48361F9100A80014BCC2 /* ModelAPI.swift in Sources */,
				694C48C21F95179B0014BCC2 /* BusinessController.swift in Sources */,
			);
			runOnlyForDeploymentPostprocessing = 0;
		};
/* End PBXSourcesBuildPhase section */

/* Begin PBXTargetDependency section */
		694C482C1F8FCC560014BCC2 /* PBXTargetDependency */ = {
			isa = PBXTargetDependency;
			name = "Alamofire iOS";
			targetProxy = 694C482B1F8FCC560014BCC2 /* PBXContainerItemProxy */;
		};
		694C48301F8FCC560014BCC2 /* PBXTargetDependency */ = {
			isa = PBXTargetDependency;
			name = "Alamofire macOS";
			targetProxy = 694C482F1F8FCC560014BCC2 /* PBXContainerItemProxy */;
		};
		694C48A41F910EDB0014BCC2 /* PBXTargetDependency */ = {
			isa = PBXTargetDependency;
			name = "AlamofireImage iOS";
			targetProxy = 694C48A31F910EDB0014BCC2 /* PBXContainerItemProxy */;
		};
/* End PBXTargetDependency section */

/* Begin PBXVariantGroup section */
		694C47F21F8F8BAF0014BCC2 /* Main.storyboard */ = {
			isa = PBXVariantGroup;
			children = (
				694C47F31F8F8BAF0014BCC2 /* Base */,
			);
			name = Main.storyboard;
			sourceTree = "<group>";
		};
		694C47F71F8F8BAF0014BCC2 /* LaunchScreen.storyboard */ = {
			isa = PBXVariantGroup;
			children = (
				694C47F81F8F8BAF0014BCC2 /* Base */,
			);
			name = LaunchScreen.storyboard;
			sourceTree = "<group>";
		};
/* End PBXVariantGroup section */

/* Begin XCBuildConfiguration section */
		694C47FB1F8F8BAF0014BCC2 /* Debug */ = {
			isa = XCBuildConfiguration;
			buildSettings = {
				ALWAYS_SEARCH_USER_PATHS = NO;
				CLANG_ANALYZER_NONNULL = YES;
				CLANG_ANALYZER_NUMBER_OBJECT_CONVERSION = YES_AGGRESSIVE;
				CLANG_CXX_LANGUAGE_STANDARD = "gnu++0x";
				CLANG_CXX_LIBRARY = "libc++";
				CLANG_ENABLE_MODULES = YES;
				CLANG_ENABLE_OBJC_ARC = YES;
				CLANG_WARN_BOOL_CONVERSION = YES;
				CLANG_WARN_CONSTANT_CONVERSION = YES;
				CLANG_WARN_DIRECT_OBJC_ISA_USAGE = YES_ERROR;
				CLANG_WARN_DOCUMENTATION_COMMENTS = YES;
				CLANG_WARN_EMPTY_BODY = YES;
				CLANG_WARN_ENUM_CONVERSION = YES;
				CLANG_WARN_INFINITE_RECURSION = YES;
				CLANG_WARN_INT_CONVERSION = YES;
				CLANG_WARN_OBJC_ROOT_CLASS = YES_ERROR;
				CLANG_WARN_SUSPICIOUS_MOVE = YES;
				CLANG_WARN_UNREACHABLE_CODE = YES;
				CLANG_WARN__DUPLICATE_METHOD_MATCH = YES;
				"CODE_SIGN_IDENTITY[sdk=iphoneos*]" = "iPhone Developer";
				COPY_PHASE_STRIP = NO;
				DEBUG_INFORMATION_FORMAT = dwarf;
				ENABLE_STRICT_OBJC_MSGSEND = YES;
				ENABLE_TESTABILITY = YES;
				GCC_C_LANGUAGE_STANDARD = gnu99;
				GCC_DYNAMIC_NO_PIC = NO;
				GCC_NO_COMMON_BLOCKS = YES;
				GCC_OPTIMIZATION_LEVEL = 0;
				GCC_PREPROCESSOR_DEFINITIONS = (
					"DEBUG=1",
					"$(inherited)",
				);
				GCC_WARN_64_TO_32_BIT_CONVERSION = YES;
				GCC_WARN_ABOUT_RETURN_TYPE = YES_ERROR;
				GCC_WARN_UNDECLARED_SELECTOR = YES;
				GCC_WARN_UNINITIALIZED_AUTOS = YES_AGGRESSIVE;
				GCC_WARN_UNUSED_FUNCTION = YES;
				GCC_WARN_UNUSED_VARIABLE = YES;
				IPHONEOS_DEPLOYMENT_TARGET = 10.3;
				MTL_ENABLE_DEBUG_INFO = YES;
				ONLY_ACTIVE_ARCH = YES;
				SDKROOT = iphoneos;
				SWIFT_ACTIVE_COMPILATION_CONDITIONS = DEBUG;
				SWIFT_OPTIMIZATION_LEVEL = "-Onone";
				TARGETED_DEVICE_FAMILY = "1,2";
			};
			name = Debug;
		};
		694C47FC1F8F8BAF0014BCC2 /* Release */ = {
			isa = XCBuildConfiguration;
			buildSettings = {
				ALWAYS_SEARCH_USER_PATHS = NO;
				CLANG_ANALYZER_NONNULL = YES;
				CLANG_ANALYZER_NUMBER_OBJECT_CONVERSION = YES_AGGRESSIVE;
				CLANG_CXX_LANGUAGE_STANDARD = "gnu++0x";
				CLANG_CXX_LIBRARY = "libc++";
				CLANG_ENABLE_MODULES = YES;
				CLANG_ENABLE_OBJC_ARC = YES;
				CLANG_WARN_BOOL_CONVERSION = YES;
				CLANG_WARN_CONSTANT_CONVERSION = YES;
				CLANG_WARN_DIRECT_OBJC_ISA_USAGE = YES_ERROR;
				CLANG_WARN_DOCUMENTATION_COMMENTS = YES;
				CLANG_WARN_EMPTY_BODY = YES;
				CLANG_WARN_ENUM_CONVERSION = YES;
				CLANG_WARN_INFINITE_RECURSION = YES;
				CLANG_WARN_INT_CONVERSION = YES;
				CLANG_WARN_OBJC_ROOT_CLASS = YES_ERROR;
				CLANG_WARN_SUSPICIOUS_MOVE = YES;
				CLANG_WARN_UNREACHABLE_CODE = YES;
				CLANG_WARN__DUPLICATE_METHOD_MATCH = YES;
				"CODE_SIGN_IDENTITY[sdk=iphoneos*]" = "iPhone Developer";
				COPY_PHASE_STRIP = NO;
				DEBUG_INFORMATION_FORMAT = "dwarf-with-dsym";
				ENABLE_NS_ASSERTIONS = NO;
				ENABLE_STRICT_OBJC_MSGSEND = YES;
				GCC_C_LANGUAGE_STANDARD = gnu99;
				GCC_NO_COMMON_BLOCKS = YES;
				GCC_WARN_64_TO_32_BIT_CONVERSION = YES;
				GCC_WARN_ABOUT_RETURN_TYPE = YES_ERROR;
				GCC_WARN_UNDECLARED_SELECTOR = YES;
				GCC_WARN_UNINITIALIZED_AUTOS = YES_AGGRESSIVE;
				GCC_WARN_UNUSED_FUNCTION = YES;
				GCC_WARN_UNUSED_VARIABLE = YES;
				IPHONEOS_DEPLOYMENT_TARGET = 10.3;
				MTL_ENABLE_DEBUG_INFO = NO;
				SDKROOT = iphoneos;
				SWIFT_OPTIMIZATION_LEVEL = "-Owholemodule";
				TARGETED_DEVICE_FAMILY = "1,2";
				VALIDATE_PRODUCT = YES;
			};
			name = Release;
		};
		694C47FE1F8F8BAF0014BCC2 /* Debug */ = {
			isa = XCBuildConfiguration;
			buildSettings = {
				ALWAYS_EMBED_SWIFT_STANDARD_LIBRARIES = YES;
				ASSETCATALOG_COMPILER_APPICON_NAME = AppIcon;
				DEVELOPMENT_TEAM = ZGM8L66K33;
				INFOPLIST_FILE = "Biblio Henri Potier/Info.plist";
				IPHONEOS_DEPLOYMENT_TARGET = 10.0;
				LD_RUNPATH_SEARCH_PATHS = "$(inherited) @executable_path/Frameworks";
				PRODUCT_BUNDLE_IDENTIFIER = "com.excercice.Biblio-Henri-Potier";
				PRODUCT_NAME = "$(TARGET_NAME)";
				SWIFT_VERSION = 3.0;
			};
			name = Debug;
		};
		694C47FF1F8F8BAF0014BCC2 /* Release */ = {
			isa = XCBuildConfiguration;
			buildSettings = {
				ALWAYS_EMBED_SWIFT_STANDARD_LIBRARIES = YES;
				ASSETCATALOG_COMPILER_APPICON_NAME = AppIcon;
				DEVELOPMENT_TEAM = ZGM8L66K33;
				INFOPLIST_FILE = "Biblio Henri Potier/Info.plist";
				IPHONEOS_DEPLOYMENT_TARGET = 10.0;
				LD_RUNPATH_SEARCH_PATHS = "$(inherited) @executable_path/Frameworks";
				PRODUCT_BUNDLE_IDENTIFIER = "com.excercice.Biblio-Henri-Potier";
				PRODUCT_NAME = "$(TARGET_NAME)";
				SWIFT_VERSION = 3.0;
			};
			name = Release;
		};
/* End XCBuildConfiguration section */

/* Begin XCConfigurationList section */
		694C47E41F8F8BAF0014BCC2 /* Build configuration list for PBXProject "Biblio Henri Potier" */ = {
			isa = XCConfigurationList;
			buildConfigurations = (
				694C47FB1F8F8BAF0014BCC2 /* Debug */,
				694C47FC1F8F8BAF0014BCC2 /* Release */,
			);
			defaultConfigurationIsVisible = 0;
			defaultConfigurationName = Release;
		};
		694C47FD1F8F8BAF0014BCC2 /* Build configuration list for PBXNativeTarget "Biblio Henri Potier" */ = {
			isa = XCConfigurationList;
			buildConfigurations = (
				694C47FE1F8F8BAF0014BCC2 /* Debug */,
				694C47FF1F8F8BAF0014BCC2 /* Release */,
			);
			defaultConfigurationIsVisible = 0;
			defaultConfigurationName = Release;
		};
/* End XCConfigurationList section */
	};
	rootObject = 694C47E11F8F8BAF0014BCC2 /* Project object */;
}
